
Microsoft Visual Studio Solution File, Format Version 12.00
# Visual Studio Version 17
VisualStudioVersion = 17.7.34202.233
MinimumVisualStudioVersion = 10.0.40219.1
Project("{FAE04EC0-301F-11D3-BF4B-00C04F79EFBC}") = "PatNagle", "PatNagle\PatNagle.csproj", "{EDBA7F05-B3E3-48E8-841D-4881D0B2FE50}"
EndProject
Global
	GlobalSection(SolutionConfigurationPlatforms) = preSolution
		Debug|Any CPU = Debug|Any CPU
		Release|Any CPU = Release|Any CPU
	EndGlobalSection
	GlobalSection(ProjectConfigurationPlatforms) = postSolution
		{EDBA7F05-B3E3-48E8-841D-4881D0B2FE50}.Debug|Any CPU.ActiveCfg = Debug|Any CPU
		{EDBA7F05-B3E3-48E8-841D-4881D0B2FE50}.Debug|Any CPU.Build.0 = Debug|Any CPU
		{EDBA7F05-B3E3-48E8-841D-4881D0B2FE50}.Release|Any CPU.ActiveCfg = Release|Any CPU
		{EDBA7F05-B3E3-48E8-841D-4881D0B2FE50}.Release|Any CPU.Build.0 = Release|Any CPU
	EndGlobalSection
	GlobalSection(SolutionProperties) = preSolution
		HideSolutionNode = FALSE
	EndGlobalSection
	GlobalSection(ExtensibilityGlobals) = postSolution
		SolutionGuid = {143F8DCE-55EC-49DF-9E9A-FD1D5748E220}
	EndGlobalSection
EndGlobal
